// !$*UTF8*$!
{
	archiveVersion = 1;
	classes = {
	};
	objectVersion = 55;
	objects = {

/* Begin PBXBuildFile section */
		2CE726DD28122C84009BEBEA /* Tests_iOS.swift in Sources */ = {isa = PBXBuildFile; fileRef = 2CE726DC28122C84009BEBEA /* Tests_iOS.swift */; };
		2CE726DF28122C84009BEBEA /* Tests_iOSLaunchTests.swift in Sources */ = {isa = PBXBuildFile; fileRef = 2CE726DE28122C84009BEBEA /* Tests_iOSLaunchTests.swift */; };
		2CE726E928122C84009BEBEA /* Tests_macOS.swift in Sources */ = {isa = PBXBuildFile; fileRef = 2CE726E828122C84009BEBEA /* Tests_macOS.swift */; };
		2CE726EB28122C84009BEBEA /* Tests_macOSLaunchTests.swift in Sources */ = {isa = PBXBuildFile; fileRef = 2CE726EA28122C84009BEBEA /* Tests_macOSLaunchTests.swift */; };
		2CE726EC28122C84009BEBEA /* KeychainApp.swift in Sources */ = {isa = PBXBuildFile; fileRef = 2CE726C428122C83009BEBEA /* KeychainApp.swift */; };
		2CE726ED28122C84009BEBEA /* KeychainApp.swift in Sources */ = {isa = PBXBuildFile; fileRef = 2CE726C428122C83009BEBEA /* KeychainApp.swift */; };
		2CE726EE28122C84009BEBEA /* ContentView.swift in Sources */ = {isa = PBXBuildFile; fileRef = 2CE726C528122C83009BEBEA /* ContentView.swift */; };
		2CE726EF28122C84009BEBEA /* ContentView.swift in Sources */ = {isa = PBXBuildFile; fileRef = 2CE726C528122C83009BEBEA /* ContentView.swift */; };
		2CE726F028122C84009BEBEA /* Assets.xcassets in Resources */ = {isa = PBXBuildFile; fileRef = 2CE726C628122C84009BEBEA /* Assets.xcassets */; };
		2CE726F128122C84009BEBEA /* Assets.xcassets in Resources */ = {isa = PBXBuildFile; fileRef = 2CE726C628122C84009BEBEA /* Assets.xcassets */; };
		2CE7270128122DB1009BEBEA /* KeychainMVVM.swift in Sources */ = {isa = PBXBuildFile; fileRef = 2CE7270028122DB1009BEBEA /* KeychainMVVM.swift */; };
		2CE7270228122DB1009BEBEA /* KeychainMVVM.swift in Sources */ = {isa = PBXBuildFile; fileRef = 2CE7270028122DB1009BEBEA /* KeychainMVVM.swift */; };
/* End PBXBuildFile section */

/* Begin PBXContainerItemProxy section */
		2CE726D928122C84009BEBEA /* PBXContainerItemProxy */ = {
			isa = PBXContainerItemProxy;
			containerPortal = 2CE726BF28122C83009BEBEA /* Project object */;
			proxyType = 1;
			remoteGlobalIDString = 2CE726CA28122C84009BEBEA;
			remoteInfo = "Keychain (iOS)";
		};
		2CE726E528122C84009BEBEA /* PBXContainerItemProxy */ = {
			isa = PBXContainerItemProxy;
			containerPortal = 2CE726BF28122C83009BEBEA /* Project object */;
			proxyType = 1;
			remoteGlobalIDString = 2CE726D028122C84009BEBEA;
			remoteInfo = "Keychain (macOS)";
		};
/* End PBXContainerItemProxy section */

/* Begin PBXFileReference section */
		2CE726C428122C83009BEBEA /* KeychainApp.swift */ = {isa = PBXFileReference; lastKnownFileType = sourcecode.swift; path = KeychainApp.swift; sourceTree = "<group>"; };
		2CE726C528122C83009BEBEA /* ContentView.swift */ = {isa = PBXFileReference; lastKnownFileType = sourcecode.swift; path = ContentView.swift; sourceTree = "<group>"; };
		2CE726C628122C84009BEBEA /* Assets.xcassets */ = {isa = PBXFileReference; lastKnownFileType = folder.assetcatalog; path = Assets.xcassets; sourceTree = "<group>"; };
		2CE726CB28122C84009BEBEA /* Keychain.app */ = {isa = PBXFileReference; explicitFileType = wrapper.application; includeInIndex = 0; path = Keychain.app; sourceTree = BUILT_PRODUCTS_DIR; };
		2CE726D128122C84009BEBEA /* Keychain.app */ = {isa = PBXFileReference; explicitFileType = wrapper.application; includeInIndex = 0; path = Keychain.app; sourceTree = BUILT_PRODUCTS_DIR; };
		2CE726D328122C84009BEBEA /* macOS.entitlements */ = {isa = PBXFileReference; lastKnownFileType = text.plist.entitlements; path = macOS.entitlements; sourceTree = "<group>"; };
		2CE726D828122C84009BEBEA /* Tests iOS.xctest */ = {isa = PBXFileReference; explicitFileType = wrapper.cfbundle; includeInIndex = 0; path = "Tests iOS.xctest"; sourceTree = BUILT_PRODUCTS_DIR; };
		2CE726DC28122C84009BEBEA /* Tests_iOS.swift */ = {isa = PBXFileReference; lastKnownFileType = sourcecode.swift; path = Tests_iOS.swift; sourceTree = "<group>"; };
		2CE726DE28122C84009BEBEA /* Tests_iOSLaunchTests.swift */ = {isa = PBXFileReference; lastKnownFileType = sourcecode.swift; path = Tests_iOSLaunchTests.swift; sourceTree = "<group>"; };
		2CE726E428122C84009BEBEA /* Tests macOS.xctest */ = {isa = PBXFileReference; explicitFileType = wrapper.cfbundle; includeInIndex = 0; path = "Tests macOS.xctest"; sourceTree = BUILT_PRODUCTS_DIR; };
		2CE726E828122C84009BEBEA /* Tests_macOS.swift */ = {isa = PBXFileReference; lastKnownFileType = sourcecode.swift; path = Tests_macOS.swift; sourceTree = "<group>"; };
		2CE726EA28122C84009BEBEA /* Tests_macOSLaunchTests.swift */ = {isa = PBXFileReference; lastKnownFileType = sourcecode.swift; path = Tests_macOSLaunchTests.swift; sourceTree = "<group>"; };
		2CE7270028122DB1009BEBEA /* KeychainMVVM.swift */ = {isa = PBXFileReference; lastKnownFileType = sourcecode.swift; path = KeychainMVVM.swift; sourceTree = "<group>"; };
/* End PBXFileReference section */

/* Begin PBXFrameworksBuildPhase section */
		2CE726C828122C84009BEBEA /* Frameworks */ = {
			isa = PBXFrameworksBuildPhase;
			buildActionMask = 2147483647;
			files = (
			);
			runOnlyForDeploymentPostprocessing = 0;
		};
		2CE726CE28122C84009BEBEA /* Frameworks */ = {
			isa = PBXFrameworksBuildPhase;
			buildActionMask = 2147483647;
			files = (
			);
			runOnlyForDeploymentPostprocessing = 0;
		};
		2CE726D528122C84009BEBEA /* Frameworks */ = {
			isa = PBXFrameworksBuildPhase;
			buildActionMask = 2147483647;
			files = (
			);
			runOnlyForDeploymentPostprocessing = 0;
		};
		2CE726E128122C84009BEBEA /* Frameworks */ = {
			isa = PBXFrameworksBuildPhase;
			buildActionMask = 2147483647;
			files = (
			);
			runOnlyForDeploymentPostprocessing = 0;
		};
/* End PBXFrameworksBuildPhase section */

/* Begin PBXGroup section */
		2CE726BE28122C83009BEBEA = {
			isa = PBXGroup;
			children = (
				2CE726C328122C83009BEBEA /* Shared */,
				2CE726D228122C84009BEBEA /* macOS */,
				2CE726DB28122C84009BEBEA /* Tests iOS */,
				2CE726E728122C84009BEBEA /* Tests macOS */,
				2CE726CC28122C84009BEBEA /* Products */,
			);
			sourceTree = "<group>";
		};
		2CE726C328122C83009BEBEA /* Shared */ = {
			isa = PBXGroup;
			children = (
				2CE726C428122C83009BEBEA /* KeychainApp.swift */,
				2CE726C528122C83009BEBEA /* ContentView.swift */,
				2CE726C628122C84009BEBEA /* Assets.xcassets */,
				2CE7270028122DB1009BEBEA /* KeychainMVVM.swift */,
			);
			path = Shared;
			sourceTree = "<group>";
		};
		2CE726CC28122C84009BEBEA /* Products */ = {
			isa = PBXGroup;
			children = (
				2CE726CB28122C84009BEBEA /* Keychain.app */,
				2CE726D128122C84009BEBEA /* Keychain.app */,
				2CE726D828122C84009BEBEA /* Tests iOS.xctest */,
				2CE726E428122C84009BEBEA /* Tests macOS.xctest */,
			);
			name = Products;
			sourceTree = "<group>";
		};
		2CE726D228122C84009BEBEA /* macOS */ = {
			isa = PBXGroup;
			children = (
				2CE726D328122C84009BEBEA /* macOS.entitlements */,
			);
			path = macOS;
			sourceTree = "<group>";
		};
		2CE726DB28122C84009BEBEA /* Tests iOS */ = {
			isa = PBXGroup;
			children = (
				2CE726DC28122C84009BEBEA /* Tests_iOS.swift */,
				2CE726DE28122C84009BEBEA /* Tests_iOSLaunchTests.swift */,
			);
			path = "Tests iOS";
			sourceTree = "<group>";
		};
		2CE726E728122C84009BEBEA /* Tests macOS */ = {
			isa = PBXGroup;
			children = (
				2CE726E828122C84009BEBEA /* Tests_macOS.swift */,
				2CE726EA28122C84009BEBEA /* Tests_macOSLaunchTests.swift */,
			);
			path = "Tests macOS";
			sourceTree = "<group>";
		};
/* End PBXGroup section */

/* Begin PBXNativeTarget section */
		2CE726CA28122C84009BEBEA /* Keychain (iOS) */ = {
			isa = PBXNativeTarget;
			buildConfigurationList = 2CE726F428122C84009BEBEA /* Build configuration list for PBXNativeTarget "Keychain (iOS)" */;
			buildPhases = (
				2CE726C728122C84009BEBEA /* Sources */,
				2CE726C828122C84009BEBEA /* Frameworks */,
				2CE726C928122C84009BEBEA /* Resources */,
			);
			buildRules = (
			);
			dependencies = (
			);
			name = "Keychain (iOS)";
			productName = "Keychain (iOS)";
			productReference = 2CE726CB28122C84009BEBEA /* Keychain.app */;
			productType = "com.apple.product-type.application";
		};
		2CE726D028122C84009BEBEA /* Keychain (macOS) */ = {
			isa = PBXNativeTarget;
			buildConfigurationList = 2CE726F728122C84009BEBEA /* Build configuration list for PBXNativeTarget "Keychain (macOS)" */;
			buildPhases = (
				2CE726CD28122C84009BEBEA /* Sources */,
				2CE726CE28122C84009BEBEA /* Frameworks */,
				2CE726CF28122C84009BEBEA /* Resources */,
			);
			buildRules = (
			);
			dependencies = (
			);
			name = "Keychain (macOS)";
			productName = "Keychain (macOS)";
			productReference = 2CE726D128122C84009BEBEA /* Keychain.app */;
			productType = "com.apple.product-type.application";
		};
		2CE726D728122C84009BEBEA /* Tests iOS */ = {
			isa = PBXNativeTarget;
			buildConfigurationList = 2CE726FA28122C84009BEBEA /* Build configuration list for PBXNativeTarget "Tests iOS" */;
			buildPhases = (
				2CE726D428122C84009BEBEA /* Sources */,
				2CE726D528122C84009BEBEA /* Frameworks */,
				2CE726D628122C84009BEBEA /* Resources */,
			);
			buildRules = (
			);
			dependencies = (
				2CE726DA28122C84009BEBEA /* PBXTargetDependency */,
			);
			name = "Tests iOS";
			productName = "Tests iOS";
			productReference = 2CE726D828122C84009BEBEA /* Tests iOS.xctest */;
			productType = "com.apple.product-type.bundle.ui-testing";
		};
		2CE726E328122C84009BEBEA /* Tests macOS */ = {
			isa = PBXNativeTarget;
			buildConfigurationList = 2CE726FD28122C84009BEBEA /* Build configuration list for PBXNativeTarget "Tests macOS" */;
			buildPhases = (
				2CE726E028122C84009BEBEA /* Sources */,
				2CE726E128122C84009BEBEA /* Frameworks */,
				2CE726E228122C84009BEBEA /* Resources */,
			);
			buildRules = (
			);
			dependencies = (
				2CE726E628122C84009BEBEA /* PBXTargetDependency */,
			);
			name = "Tests macOS";
			productName = "Tests macOS";
			productReference = 2CE726E428122C84009BEBEA /* Tests macOS.xctest */;
			productType = "com.apple.product-type.bundle.ui-testing";
		};
/* End PBXNativeTarget section */

/* Begin PBXProject section */
		2CE726BF28122C83009BEBEA /* Project object */ = {
			isa = PBXProject;
			attributes = {
				BuildIndependentTargetsInParallel = 1;
				LastSwiftUpdateCheck = 1330;
				LastUpgradeCheck = 1330;
				TargetAttributes = {
					2CE726CA28122C84009BEBEA = {
						CreatedOnToolsVersion = 13.3.1;
					};
					2CE726D028122C84009BEBEA = {
						CreatedOnToolsVersion = 13.3.1;
					};
					2CE726D728122C84009BEBEA = {
						CreatedOnToolsVersion = 13.3.1;
						TestTargetID = 2CE726CA28122C84009BEBEA;
					};
					2CE726E328122C84009BEBEA = {
						CreatedOnToolsVersion = 13.3.1;
						TestTargetID = 2CE726D028122C84009BEBEA;
					};
				};
			};
			buildConfigurationList = 2CE726C228122C83009BEBEA /* Build configuration list for PBXProject "Keychain" */;
			compatibilityVersion = "Xcode 13.0";
			developmentRegion = en;
			hasScannedForEncodings = 0;
			knownRegions = (
				en,
				Base,
			);
			mainGroup = 2CE726BE28122C83009BEBEA;
			productRefGroup = 2CE726CC28122C84009BEBEA /* Products */;
			projectDirPath = "";
			projectRoot = "";
			targets = (
				2CE726CA28122C84009BEBEA /* Keychain (iOS) */,
				2CE726D028122C84009BEBEA /* Keychain (macOS) */,
				2CE726D728122C84009BEBEA /* Tests iOS */,
				2CE726E328122C84009BEBEA /* Tests macOS */,
			);
		};
/* End PBXProject section */

/* Begin PBXResourcesBuildPhase section */
		2CE726C928122C84009BEBEA /* Resources */ = {
			isa = PBXResourcesBuildPhase;
			buildActionMask = 2147483647;
			files = (
				2CE726F028122C84009BEBEA /* Assets.xcassets in Resources */,
			);
			runOnlyForDeploymentPostprocessing = 0;
		};
		2CE726CF28122C84009BEBEA /* Resources */ = {
			isa = PBXResourcesBuildPhase;
			buildActionMask = 2147483647;
			files = (
				2CE726F128122C84009BEBEA /* Assets.xcassets in Resources */,
			);
			runOnlyForDeploymentPostprocessing = 0;
		};
		2CE726D628122C84009BEBEA /* Resources */ = {
			isa = PBXResourcesBuildPhase;
			buildActionMask = 2147483647;
			files = (
			);
			runOnlyForDeploymentPostprocessing = 0;
		};
		2CE726E228122C84009BEBEA /* Resources */ = {
			isa = PBXResourcesBuildPhase;
			buildActionMask = 2147483647;
			files = (
			);
			runOnlyForDeploymentPostprocessing = 0;
		};
/* End PBXResourcesBuildPhase section */

/* Begin PBXSourcesBuildPhase section */
		2CE726C728122C84009BEBEA /* Sources */ = {
			isa = PBXSourcesBuildPhase;
			buildActionMask = 2147483647;
			files = (
				2CE726EE28122C84009BEBEA /* ContentView.swift in Sources */,
				2CE726EC28122C84009BEBEA /* KeychainApp.swift in Sources */,
				2CE7270128122DB1009BEBEA /* KeychainMVVM.swift in Sources */,
			);
			runOnlyForDeploymentPostprocessing = 0;
		};
		2CE726CD28122C84009BEBEA /* Sources */ = {
			isa = PBXSourcesBuildPhase;
			buildActionMask = 2147483647;
			files = (
				2CE726EF28122C84009BEBEA /* ContentView.swift in Sources */,
				2CE726ED28122C84009BEBEA /* KeychainApp.swift in Sources */,
				2CE7270228122DB1009BEBEA /* KeychainMVVM.swift in Sources */,
			);
			runOnlyForDeploymentPostprocessing = 0;
		};
		2CE726D428122C84009BEBEA /* Sources */ = {
			isa = PBXSourcesBuildPhase;
			buildActionMask = 2147483647;
			files = (
				2CE726DF28122C84009BEBEA /* Tests_iOSLaunchTests.swift in Sources */,
				2CE726DD28122C84009BEBEA /* Tests_iOS.swift in Sources */,
			);
			runOnlyForDeploymentPostprocessing = 0;
		};
		2CE726E028122C84009BEBEA /* Sources */ = {
			isa = PBXSourcesBuildPhase;
			buildActionMask = 2147483647;
			files = (
				2CE726EB28122C84009BEBEA /* Tests_macOSLaunchTests.swift in Sources */,
				2CE726E928122C84009BEBEA /* Tests_macOS.swift in Sources */,
			);
			runOnlyForDeploymentPostprocessing = 0;
		};
/* End PBXSourcesBuildPhase section */

/* Begin PBXTargetDependency section */
		2CE726DA28122C84009BEBEA /* PBXTargetDependency */ = {
			isa = PBXTargetDependency;
			target = 2CE726CA28122C84009BEBEA /* Keychain (iOS) */;
			targetProxy = 2CE726D928122C84009BEBEA /* PBXContainerItemProxy */;
		};
		2CE726E628122C84009BEBEA /* PBXTargetDependency */ = {
			isa = PBXTargetDependency;
			target = 2CE726D028122C84009BEBEA /* Keychain (macOS) */;
			targetProxy = 2CE726E528122C84009BEBEA /* PBXContainerItemProxy */;
		};
/* End PBXTargetDependency section */

/* Begin XCBuildConfiguration section */
		2CE726F228122C84009BEBEA /* Debug */ = {
			isa = XCBuildConfiguration;
			buildSettings = {
				ALWAYS_SEARCH_USER_PATHS = NO;
				CLANG_ANALYZER_NONNULL = YES;
				CLANG_ANALYZER_NUMBER_OBJECT_CONVERSION = YES_AGGRESSIVE;
				CLANG_CXX_LANGUAGE_STANDARD = "gnu++17";
				CLANG_ENABLE_MODULES = YES;
				CLANG_ENABLE_OBJC_ARC = YES;
				CLANG_ENABLE_OBJC_WEAK = YES;
				CLANG_WARN_BLOCK_CAPTURE_AUTORELEASING = YES;
				CLANG_WARN_BOOL_CONVERSION = YES;
				CLANG_WARN_COMMA = YES;
				CLANG_WARN_CONSTANT_CONVERSION = YES;
				CLANG_WARN_DEPRECATED_OBJC_IMPLEMENTATIONS = YES;
				CLANG_WARN_DIRECT_OBJC_ISA_USAGE = YES_ERROR;
				CLANG_WARN_DOCUMENTATION_COMMENTS = YES;
				CLANG_WARN_EMPTY_BODY = YES;
				CLANG_WARN_ENUM_CONVERSION = YES;
				CLANG_WARN_INFINITE_RECURSION = YES;
				CLANG_WARN_INT_CONVERSION = YES;
				CLANG_WARN_NON_LITERAL_NULL_CONVERSION = YES;
				CLANG_WARN_OBJC_IMPLICIT_RETAIN_SELF = YES;
				CLANG_WARN_OBJC_LITERAL_CONVERSION = YES;
				CLANG_WARN_OBJC_ROOT_CLASS = YES_ERROR;
				CLANG_WARN_QUOTED_INCLUDE_IN_FRAMEWORK_HEADER = YES;
				CLANG_WARN_RANGE_LOOP_ANALYSIS = YES;
				CLANG_WARN_STRICT_PROTOTYPES = YES;
				CLANG_WARN_SUSPICIOUS_MOVE = YES;
				CLANG_WARN_UNGUARDED_AVAILABILITY = YES_AGGRESSIVE;
				CLANG_WARN_UNREACHABLE_CODE = YES;
				CLANG_WARN__DUPLICATE_METHOD_MATCH = YES;
				COPY_PHASE_STRIP = NO;
				DEBUG_INFORMATION_FORMAT = dwarf;
				ENABLE_STRICT_OBJC_MSGSEND = YES;
				ENABLE_TESTABILITY = YES;
				GCC_C_LANGUAGE_STANDARD = gnu11;
				GCC_DYNAMIC_NO_PIC = NO;
				GCC_NO_COMMON_BLOCKS = YES;
				GCC_OPTIMIZATION_LEVEL = 0;
				GCC_PREPROCESSOR_DEFINITIONS = (
					"DEBUG=1",
					"$(inherited)",
				);
				GCC_WARN_64_TO_32_BIT_CONVERSION = YES;
				GCC_WARN_ABOUT_RETURN_TYPE = YES_ERROR;
				GCC_WARN_UNDECLARED_SELECTOR = YES;
				GCC_WARN_UNINITIALIZED_AUTOS = YES_AGGRESSIVE;
				GCC_WARN_UNUSED_FUNCTION = YES;
				GCC_WARN_UNUSED_VARIABLE = YES;
				MTL_ENABLE_DEBUG_INFO = INCLUDE_SOURCE;
				MTL_FAST_MATH = YES;
				ONLY_ACTIVE_ARCH = YES;
				SWIFT_ACTIVE_COMPILATION_CONDITIONS = DEBUG;
				SWIFT_OPTIMIZATION_LEVEL = "-Onone";
			};
			name = Debug;
		};
		2CE726F328122C84009BEBEA /* Release */ = {
			isa = XCBuildConfiguration;
			buildSettings = {
				ALWAYS_SEARCH_USER_PATHS = NO;
				CLANG_ANALYZER_NONNULL = YES;
				CLANG_ANALYZER_NUMBER_OBJECT_CONVERSION = YES_AGGRESSIVE;
				CLANG_CXX_LANGUAGE_STANDARD = "gnu++17";
				CLANG_ENABLE_MODULES = YES;
				CLANG_ENABLE_OBJC_ARC = YES;
				CLANG_ENABLE_OBJC_WEAK = YES;
				CLANG_WARN_BLOCK_CAPTURE_AUTORELEASING = YES;
				CLANG_WARN_BOOL_CONVERSION = YES;
				CLANG_WARN_COMMA = YES;
				CLANG_WARN_CONSTANT_CONVERSION = YES;
				CLANG_WARN_DEPRECATED_OBJC_IMPLEMENTATIONS = YES;
				CLANG_WARN_DIRECT_OBJC_ISA_USAGE = YES_ERROR;
				CLANG_WARN_DOCUMENTATION_COMMENTS = YES;
				CLANG_WARN_EMPTY_BODY = YES;
				CLANG_WARN_ENUM_CONVERSION = YES;
				CLANG_WARN_INFINITE_RECURSION = YES;
				CLANG_WARN_INT_CONVERSION = YES;
				CLANG_WARN_NON_LITERAL_NULL_CONVERSION = YES;
				CLANG_WARN_OBJC_IMPLICIT_RETAIN_SELF = YES;
				CLANG_WARN_OBJC_LITERAL_CONVERSION = YES;
				CLANG_WARN_OBJC_ROOT_CLASS = YES_ERROR;
				CLANG_WARN_QUOTED_INCLUDE_IN_FRAMEWORK_HEADER = YES;
				CLANG_WARN_RANGE_LOOP_ANALYSIS = YES;
				CLANG_WARN_STRICT_PROTOTYPES = YES;
				CLANG_WARN_SUSPICIOUS_MOVE = YES;
				CLANG_WARN_UNGUARDED_AVAILABILITY = YES_AGGRESSIVE;
				CLANG_WARN_UNREACHABLE_CODE = YES;
				CLANG_WARN__DUPLICATE_METHOD_MATCH = YES;
				COPY_PHASE_STRIP = NO;
				DEBUG_INFORMATION_FORMAT = "dwarf-with-dsym";
				ENABLE_NS_ASSERTIONS = NO;
				ENABLE_STRICT_OBJC_MSGSEND = YES;
				GCC_C_LANGUAGE_STANDARD = gnu11;
				GCC_NO_COMMON_BLOCKS = YES;
				GCC_WARN_64_TO_32_BIT_CONVERSION = YES;
				GCC_WARN_ABOUT_RETURN_TYPE = YES_ERROR;
				GCC_WARN_UNDECLARED_SELECTOR = YES;
				GCC_WARN_UNINITIALIZED_AUTOS = YES_AGGRESSIVE;
				GCC_WARN_UNUSED_FUNCTION = YES;
				GCC_WARN_UNUSED_VARIABLE = YES;
				MTL_ENABLE_DEBUG_INFO = NO;
				MTL_FAST_MATH = YES;
				SWIFT_COMPILATION_MODE = wholemodule;
				SWIFT_OPTIMIZATION_LEVEL = "-O";
			};
			name = Release;
		};
		2CE726F528122C84009BEBEA /* Debug */ = {
			isa = XCBuildConfiguration;
			buildSettings = {
				ASSETCATALOG_COMPILER_APPICON_NAME = AppIcon;
				ASSETCATALOG_COMPILER_GLOBAL_ACCENT_COLOR_NAME = AccentColor;
				CODE_SIGN_STYLE = Automatic;
				CURRENT_PROJECT_VERSION = 1;
				DEVELOPMENT_TEAM = Y3HVN468NS;
				ENABLE_PREVIEWS = YES;
				GENERATE_INFOPLIST_FILE = YES;
				INFOPLIST_KEY_UIApplicationSceneManifest_Generation = YES;
				INFOPLIST_KEY_UIApplicationSupportsIndirectInputEvents = YES;
				INFOPLIST_KEY_UILaunchScreen_Generation = YES;
				INFOPLIST_KEY_UISupportedInterfaceOrientations_iPad = "UIInterfaceOrientationPortrait UIInterfaceOrientationPortraitUpsideDown UIInterfaceOrientationLandscapeLeft UIInterfaceOrientationLandscapeRight";
				INFOPLIST_KEY_UISupportedInterfaceOrientations_iPhone = "UIInterfaceOrientationPortrait UIInterfaceOrientationLandscapeLeft UIInterfaceOrientationLandscapeRight";
				IPHONEOS_DEPLOYMENT_TARGET = 15.4;
				LD_RUNPATH_SEARCH_PATHS = (
					"$(inherited)",
					"@executable_path/Frameworks",
				);
				MARKETING_VERSION = 1.0;
				PRODUCT_BUNDLE_IDENTIFIER = Keychain.Keychain;
				PRODUCT_NAME = Keychain;
				SDKROOT = iphoneos;
				SWIFT_EMIT_LOC_STRINGS = YES;
				SWIFT_VERSION = 5.0;
				TARGETED_DEVICE_FAMILY = "1,2";
			};
			name = Debug;
		};
		2CE726F628122C84009BEBEA /* Release */ = {
			isa = XCBuildConfiguration;
			buildSettings = {
				ASSETCATALOG_COMPILER_APPICON_NAME = AppIcon;
				ASSETCATALOG_COMPILER_GLOBAL_ACCENT_COLOR_NAME = AccentColor;
				CODE_SIGN_STYLE = Automatic;
				CURRENT_PROJECT_VERSION = 1;
				DEVELOPMENT_TEAM = Y3HVN468NS;
				ENABLE_PREVIEWS = YES;
				GENERATE_INFOPLIST_FILE = YES;
				INFOPLIST_KEY_UIApplicationSceneManifest_Generation = YES;
				INFOPLIST_KEY_UIApplicationSupportsIndirectInputEvents = YES;
				INFOPLIST_KEY_UILaunchScreen_Generation = YES;
				INFOPLIST_KEY_UISupportedInterfaceOrientations_iPad = "UIInterfaceOrientationPortrait UIInterfaceOrientationPortraitUpsideDown UIInterfaceOrientationLandscapeLeft UIInterfaceOrientationLandscapeRight";
				INFOPLIST_KEY_UISupportedInterfaceOrientations_iPhone = "UIInterfaceOrientationPortrait UIInterfaceOrientationLandscapeLeft UIInterfaceOrientationLandscapeRight";
				IPHONEOS_DEPLOYMENT_TARGET = 15.4;
				LD_RUNPATH_SEARCH_PATHS = (
					"$(inherited)",
					"@executable_path/Frameworks",
				);
				MARKETING_VERSION = 1.0;
				PRODUCT_BUNDLE_IDENTIFIER = Keychain.Keychain;
				PRODUCT_NAME = Keychain;
				SDKROOT = iphoneos;
				SWIFT_EMIT_LOC_STRINGS = YES;
				SWIFT_VERSION = 5.0;
				TARGETED_DEVICE_FAMILY = "1,2";
				VALIDATE_PRODUCT = YES;
			};
			name = Release;
		};
		2CE726F828122C84009BEBEA /* Debug */ = {
			isa = XCBuildConfiguration;
			buildSettings = {
				ASSETCATALOG_COMPILER_APPICON_NAME = AppIcon;
				ASSETCATALOG_COMPILER_GLOBAL_ACCENT_COLOR_NAME = AccentColor;
				CODE_SIGN_ENTITLEMENTS = macOS/macOS.entitlements;
				CODE_SIGN_STYLE = Automatic;
				COMBINE_HIDPI_IMAGES = YES;
				CURRENT_PROJECT_VERSION = 1;
				DEVELOPMENT_TEAM = Y3HVN468NS;
				ENABLE_HARDENED_RUNTIME = YES;
				ENABLE_PREVIEWS = YES;
				GENERATE_INFOPLIST_FILE = YES;
				INFOPLIST_KEY_NSHumanReadableCopyright = "";
				LD_RUNPATH_SEARCH_PATHS = (
					"$(inherited)",
					"@executable_path/../Frameworks",
				);
				MACOSX_DEPLOYMENT_TARGET = 12.3;
				MARKETING_VERSION = 1.0;
				PRODUCT_BUNDLE_IDENTIFIER = Keychain.Keychain;
				PRODUCT_NAME = Keychain;
				SDKROOT = macosx;
				SWIFT_EMIT_LOC_STRINGS = YES;
				SWIFT_VERSION = 5.0;
			};
			name = Debug;
		};
		2CE726F928122C84009BEBEA /* Release */ = {
			isa = XCBuildConfiguration;
			buildSettings = {
				ASSETCATALOG_COMPILER_APPICON_NAME = AppIcon;
				ASSETCATALOG_COMPILER_GLOBAL_ACCENT_COLOR_NAME = AccentColor;
				CODE_SIGN_ENTITLEMENTS = macOS/macOS.entitlements;
				CODE_SIGN_STYLE = Automatic;
				COMBINE_HIDPI_IMAGES = YES;
				CURRENT_PROJECT_VERSION = 1;
				DEVELOPMENT_TEAM = Y3HVN468NS;
				ENABLE_HARDENED_RUNTIME = YES;
				ENABLE_PREVIEWS = YES;
				GENERATE_INFOPLIST_FILE = YES;
				INFOPLIST_KEY_NSHumanReadableCopyright = "";
				LD_RUNPATH_SEARCH_PATHS = (
					"$(inherited)",
					"@executable_path/../Frameworks",
				);
				MACOSX_DEPLOYMENT_TARGET = 12.3;
				MARKETING_VERSION = 1.0;
				PRODUCT_BUNDLE_IDENTIFIER = Keychain.Keychain;
				PRODUCT_NAME = Keychain;
				SDKROOT = macosx;
				SWIFT_EMIT_LOC_STRINGS = YES;
				SWIFT_VERSION = 5.0;
			};
			name = Release;
		};
		2CE726FB28122C84009BEBEA /* Debug */ = {
			isa = XCBuildConfiguration;
			buildSettings = {
				ALWAYS_EMBED_SWIFT_STANDARD_LIBRARIES = YES;
				CODE_SIGN_STYLE = Automatic;
				CURRENT_PROJECT_VERSION = 1;
				DEVELOPMENT_TEAM = Y3HVN468NS;
				GENERATE_INFOPLIST_FILE = YES;
				IPHONEOS_DEPLOYMENT_TARGET = 15.4;
				MARKETING_VERSION = 1.0;
				PRODUCT_BUNDLE_IDENTIFIER = "Keychain.Tests-iOS";
				PRODUCT_NAME = "$(TARGET_NAME)";
				SDKROOT = iphoneos;
				SWIFT_EMIT_LOC_STRINGS = NO;
				SWIFT_VERSION = 5.0;
				TARGETED_DEVICE_FAMILY = "1,2";
				TEST_TARGET_NAME = "Keychain (iOS)";
			};
			name = Debug;
		};
		2CE726FC28122C84009BEBEA /* Release */ = {
			isa = XCBuildConfiguration;
			buildSettings = {
				ALWAYS_EMBED_SWIFT_STANDARD_LIBRARIES = YES;
				CODE_SIGN_STYLE = Automatic;
				CURRENT_PROJECT_VERSION = 1;
				DEVELOPMENT_TEAM = Y3HVN468NS;
				GENERATE_INFOPLIST_FILE = YES;
				IPHONEOS_DEPLOYMENT_TARGET = 15.4;
				MARKETING_VERSION = 1.0;
				PRODUCT_BUNDLE_IDENTIFIER = "Keychain.Tests-iOS";
				PRODUCT_NAME = "$(TARGET_NAME)";
				SDKROOT = iphoneos;
				SWIFT_EMIT_LOC_STRINGS = NO;
				SWIFT_VERSION = 5.0;
				TARGETED_DEVICE_FAMILY = "1,2";
				TEST_TARGET_NAME = "Keychain (iOS)";
				VALIDATE_PRODUCT = YES;
			};
			name = Release;
		};
		2CE726FE28122C84009BEBEA /* Debug */ = {
			isa = XCBuildConfiguration;
			buildSettings = {
				ALWAYS_EMBED_SWIFT_STANDARD_LIBRARIES = YES;
				CODE_SIGN_STYLE = Automatic;
				CURRENT_PROJECT_VERSION = 1;
				DEVELOPMENT_TEAM = Y3HVN468NS;
				GENERATE_INFOPLIST_FILE = YES;
				MACOSX_DEPLOYMENT_TARGET = 12.3;
				MARKETING_VERSION = 1.0;
				PRODUCT_BUNDLE_IDENTIFIER = "Keychain.Tests-macOS";
				PRODUCT_NAME = "$(TARGET_NAME)";
				SDKROOT = macosx;
				SWIFT_EMIT_LOC_STRINGS = NO;
				SWIFT_VERSION = 5.0;
				TEST_TARGET_NAME = "Keychain (macOS)";
			};
			name = Debug;
		};
		2CE726FF28122C84009BEBEA /* Release */ = {
			isa = XCBuildConfiguration;
			buildSettings = {
				ALWAYS_EMBED_SWIFT_STANDARD_LIBRARIES = YES;
				CODE_SIGN_STYLE = Automatic;
				CURRENT_PROJECT_VERSION = 1;
				DEVELOPMENT_TEAM = Y3HVN468NS;
				GENERATE_INFOPLIST_FILE = YES;
				MACOSX_DEPLOYMENT_TARGET = 12.3;
				MARKETING_VERSION = 1.0;
				PRODUCT_BUNDLE_IDENTIFIER = "Keychain.Tests-macOS";
				PRODUCT_NAME = "$(TARGET_NAME)";
				SDKROOT = macosx;
				SWIFT_EMIT_LOC_STRINGS = NO;
				SWIFT_VERSION = 5.0;
				TEST_TARGET_NAME = "Keychain (macOS)";
			};
			name = Release;
		};
/* End XCBuildConfiguration section */

/* Begin XCConfigurationList section */
		2CE726C228122C83009BEBEA /* Build configuration list for PBXProject "Keychain" */ = {
			isa = XCConfigurationList;
			buildConfigurations = (
				2CE726F228122C84009BEBEA /* Debug */,
				2CE726F328122C84009BEBEA /* Release */,
			);
			defaultConfigurationIsVisible = 0;
			defaultConfigurationName = Release;
		};
		2CE726F428122C84009BEBEA /* Build configuration list for PBXNativeTarget "Keychain (iOS)" */ = {
			isa = XCConfigurationList;
			buildConfigurations = (
				2CE726F528122C84009BEBEA /* Debug */,
				2CE726F628122C84009BEBEA /* Release */,
			);
			defaultConfigurationIsVisible = 0;
			defaultConfigurationName = Release;
		};
		2CE726F728122C84009BEBEA /* Build configuration list for PBXNativeTarget "Keychain (macOS)" */ = {
			isa = XCConfigurationList;
			buildConfigurations = (
				2CE726F828122C84009BEBEA /* Debug */,
				2CE726F928122C84009BEBEA /* Release */,
			);
			defaultConfigurationIsVisible = 0;
			defaultConfigurationName = Release;
		};
		2CE726FA28122C84009BEBEA /* Build configuration list for PBXNativeTarget "Tests iOS" */ = {
			isa = XCConfigurationList;
			buildConfigurations = (
				2CE726FB28122C84009BEBEA /* Debug */,
				2CE726FC28122C84009BEBEA /* Release */,
			);
			defaultConfigurationIsVisible = 0;
			defaultConfigurationName = Release;
		};
		2CE726FD28122C84009BEBEA /* Build configuration list for PBXNativeTarget "Tests macOS" */ = {
			isa = XCConfigurationList;
			buildConfigurations = (
				2CE726FE28122C84009BEBEA /* Debug */,
				2CE726FF28122C84009BEBEA /* Release */,
			);
			defaultConfigurationIsVisible = 0;
			defaultConfigurationName = Release;
		};
/* End XCConfigurationList section */
	};
	rootObject = 2CE726BF28122C83009BEBEA /* Project object */;
}
